
Microsoft Visual Studio Solution File, Format Version 12.00
# Visual Studio Version 16
VisualStudioVersion = 16.0.29025.244
MinimumVisualStudioVersion = 10.0.40219.1
Project("{E24C65DC-7377-472B-9ABA-BC803B73C61A}") = "UmbracoSite", "UmbracoSite\", "{1D1DCB3C-29B0-49EA-81B7-8AAAA0908BDD}"
	ProjectSection(WebsiteProperties) = preProject
		TargetFrameworkMoniker = ".NETFramework,Version%3Dv4.7.2"
		ProjectReferences = "{d0e5b9a8-0415-4025-954e-8574fdb36c42}|UmbracoMVC.dll;"
		Debug.AspNetCompiler.VirtualPath = "/localhost_11865"
		Debug.AspNetCompiler.PhysicalPath = "UmbracoSite\"
		Debug.AspNetCompiler.TargetPath = "PrecompiledWeb\localhost_11865\"
		Debug.AspNetCompiler.Updateable = "true"
		Debug.AspNetCompiler.ForceOverwrite = "true"
		Debug.AspNetCompiler.FixedNames = "false"
		Debug.AspNetCompiler.Debug = "True"
		Release.AspNetCompiler.VirtualPath = "/localhost_11865"
		Release.AspNetCompiler.PhysicalPath = "UmbracoSite\"
		Release.AspNetCompiler.TargetPath = "PrecompiledWeb\localhost_11865\"
		Release.AspNetCompiler.Updateable = "true"
		Release.AspNetCompiler.ForceOverwrite = "true"
		Release.AspNetCompiler.FixedNames = "false"
		Release.AspNetCompiler.Debug = "False"
		VWDPort = "11865"
		SlnRelativePath = "UmbracoSite\"
	EndProjectSection
EndProject
Project("{FAE04EC0-301F-11D3-BF4B-00C04F79EFBC}") = "UmbracoMVC", "UmbracoMVC\UmbracoMVC.csproj", "{D0E5B9A8-0415-4025-954E-8574FDB36C42}"
EndProject
Project("{FAE04EC0-301F-11D3-BF4B-00C04F79EFBC}") = "UmbracoMVC.Tests", "UmbracoMVC.Tests\UmbracoMVC.Tests.csproj", "{F9C01A50-8E43-4912-A13B-0F3F64B6ED1B}"
EndProject
Global
	GlobalSection(SolutionConfigurationPlatforms) = preSolution
		Debug|Any CPU = Debug|Any CPU
		Release|Any CPU = Release|Any CPU
	EndGlobalSection
	GlobalSection(ProjectConfigurationPlatforms) = postSolution
		{1D1DCB3C-29B0-49EA-81B7-8AAAA0908BDD}.Debug|Any CPU.ActiveCfg = Debug|Any CPU
		{1D1DCB3C-29B0-49EA-81B7-8AAAA0908BDD}.Debug|Any CPU.Build.0 = Debug|Any CPU
		{1D1DCB3C-29B0-49EA-81B7-8AAAA0908BDD}.Release|Any CPU.ActiveCfg = Debug|Any CPU
		{1D1DCB3C-29B0-49EA-81B7-8AAAA0908BDD}.Release|Any CPU.Build.0 = Debug|Any CPU
		{D0E5B9A8-0415-4025-954E-8574FDB36C42}.Debug|Any CPU.ActiveCfg = Debug|Any CPU
		{D0E5B9A8-0415-4025-954E-8574FDB36C42}.Debug|Any CPU.Build.0 = Debug|Any CPU
		{D0E5B9A8-0415-4025-954E-8574FDB36C42}.Release|Any CPU.ActiveCfg = Release|Any CPU
		{D0E5B9A8-0415-4025-954E-8574FDB36C42}.Release|Any CPU.Build.0 = Release|Any CPU
		{F9C01A50-8E43-4912-A13B-0F3F64B6ED1B}.Debug|Any CPU.ActiveCfg = Debug|Any CPU
		{F9C01A50-8E43-4912-A13B-0F3F64B6ED1B}.Debug|Any CPU.Build.0 = Debug|Any CPU
		{F9C01A50-8E43-4912-A13B-0F3F64B6ED1B}.Release|Any CPU.ActiveCfg = Release|Any CPU
		{F9C01A50-8E43-4912-A13B-0F3F64B6ED1B}.Release|Any CPU.Build.0 = Release|Any CPU
	EndGlobalSection
	GlobalSection(SolutionProperties) = preSolution
		HideSolutionNode = FALSE
	EndGlobalSection
	GlobalSection(ExtensibilityGlobals) = postSolution
		SolutionGuid = {E9700E06-57E4-423A-A129-980882D71B64}
	EndGlobalSection
EndGlobal
